
Microsoft Visual Studio Solution File, Format Version 12.00
# Visual Studio Version 17
VisualStudioVersion = 17.7.34024.191
MinimumVisualStudioVersion = 10.0.40219.1
Project("{9A19103F-16F7-4668-BE54-9A1E7A4F7556}") = "MemoryOpdrachtConsoleApp", "MemoryOpdrachtConsoleApp\MemoryOpdrachtConsoleApp.csproj", "{C9B9F8AA-95A1-4C73-909B-ACB86F9AD247}"
EndProject
Project("{9A19103F-16F7-4668-BE54-9A1E7A4F7556}") = "UnitTestMemoryOpdracht", "UnitTestMemoryOpdracht\UnitTestMemoryOpdracht.csproj", "{7356759E-30C7-41AA-909D-7A175B924B1C}"
EndProject
Project("{FAE04EC0-301F-11D3-BF4B-00C04F79EFBC}") = "MemoryGame", "MemoryGame\MemoryGame.csproj", "{5B3BE6AF-5128-44CE-BFC0-27A758DD3AF9}"
EndProject
Global
	GlobalSection(SolutionConfigurationPlatforms) = preSolution
		Debug|Any CPU = Debug|Any CPU
		Release|Any CPU = Release|Any CPU
	EndGlobalSection
	GlobalSection(ProjectConfigurationPlatforms) = postSolution
		{C9B9F8AA-95A1-4C73-909B-ACB86F9AD247}.Debug|Any CPU.ActiveCfg = Debug|Any CPU
		{C9B9F8AA-95A1-4C73-909B-ACB86F9AD247}.Debug|Any CPU.Build.0 = Debug|Any CPU
		{C9B9F8AA-95A1-4C73-909B-ACB86F9AD247}.Release|Any CPU.ActiveCfg = Release|Any CPU
		{C9B9F8AA-95A1-4C73-909B-ACB86F9AD247}.Release|Any CPU.Build.0 = Release|Any CPU
		{7356759E-30C7-41AA-909D-7A175B924B1C}.Debug|Any CPU.ActiveCfg = Debug|Any CPU
		{7356759E-30C7-41AA-909D-7A175B924B1C}.Debug|Any CPU.Build.0 = Debug|Any CPU
		{7356759E-30C7-41AA-909D-7A175B924B1C}.Release|Any CPU.ActiveCfg = Release|Any CPU
		{7356759E-30C7-41AA-909D-7A175B924B1C}.Release|Any CPU.Build.0 = Release|Any CPU
		{5B3BE6AF-5128-44CE-BFC0-27A758DD3AF9}.Debug|Any CPU.ActiveCfg = Debug|Any CPU
		{5B3BE6AF-5128-44CE-BFC0-27A758DD3AF9}.Debug|Any CPU.Build.0 = Debug|Any CPU
		{5B3BE6AF-5128-44CE-BFC0-27A758DD3AF9}.Release|Any CPU.ActiveCfg = Release|Any CPU
		{5B3BE6AF-5128-44CE-BFC0-27A758DD3AF9}.Release|Any CPU.Build.0 = Release|Any CPU
	EndGlobalSection
	GlobalSection(SolutionProperties) = preSolution
		HideSolutionNode = FALSE
	EndGlobalSection
	GlobalSection(ExtensibilityGlobals) = postSolution
		SolutionGuid = {9E9DB25F-03E5-40E4-A576-6694E7AFC675}
	EndGlobalSection
EndGlobal
